
Microsoft Visual Studio Solution File, Format Version 12.00
# Visual Studio 15
VisualStudioVersion = 15.0.27130.2036
MinimumVisualStudioVersion = 10.0.40219.1
Project("{2150E333-8FDC-42A3-9474-1A3956D46DE8}") = "Sibri2018", "Sibri2018", "{2ADC6728-D543-4F46-B018-4154119C46B1}"
EndProject
Project("{2150E333-8FDC-42A3-9474-1A3956D46DE8}") = "Cms", "Cms", "{69D32990-D715-4304-AE72-BAEA7F2957A5}"
EndProject
Project("{9A19103F-16F7-4668-BE54-9A1E7A4F7556}") = "Sibri.BLL", "Sibri.BLL\Sibri.BLL.csproj", "{EF2F1F6B-DD3A-44F3-B739-54B8B7B3496F}"
EndProject
Project("{9A19103F-16F7-4668-BE54-9A1E7A4F7556}") = "Sibri.Contract", "Sibri.Contract\Sibri.Contract.csproj", "{96C33536-5FDC-47FD-B836-BA75E9FB9978}"
EndProject
Project("{9A19103F-16F7-4668-BE54-9A1E7A4F7556}") = "Cms.BLL", "Cms.BLL\Cms.BLL.csproj", "{B97F845E-C4C2-4CE6-AE73-717B1ACCD4B4}"
EndProject
Project("{9A19103F-16F7-4668-BE54-9A1E7A4F7556}") = "Cms.Contract", "Cms.Contract\Cms.Contract.csproj", "{E5E596F0-A80B-4250-983E-D541C8A26D8B}"
EndProject
Project("{2150E333-8FDC-42A3-9474-1A3956D46DE8}") = "Core", "Core", "{D8F77A39-C815-4142-8B54-BFD879006B16}"
EndProject
Project("{9A19103F-16F7-4668-BE54-9A1E7A4F7556}") = "Cms.WebPage", "Cms.WebPage\Cms.WebPage.csproj", "{EDFA83EB-3A39-4D5C-A93B-54E65BA4FB1A}"
EndProject
Project("{9A19103F-16F7-4668-BE54-9A1E7A4F7556}") = "Sibri.WebPage", "Sibri.WebPage\Sibri.WebPage.csproj", "{F0142084-B349-4A07-854F-B53B075C4E69}"
EndProject
Project("{9A19103F-16F7-4668-BE54-9A1E7A4F7556}") = "Core.DAL", "Core.DAL\Core.DAL.csproj", "{5DD0BF07-9B30-4623-B5D3-3139434B1834}"
EndProject
Project("{FAE04EC0-301F-11D3-BF4B-00C04F79EFBC}") = "Core.Cache", "Core.Cache\Core.Cache.csproj", "{2145CC15-EA2B-4EF2-8FF4-BCAE79E1C943}"
EndProject
Global
	GlobalSection(SolutionConfigurationPlatforms) = preSolution
		Debug|Any CPU = Debug|Any CPU
		Release|Any CPU = Release|Any CPU
	EndGlobalSection
	GlobalSection(ProjectConfigurationPlatforms) = postSolution
		{EF2F1F6B-DD3A-44F3-B739-54B8B7B3496F}.Debug|Any CPU.ActiveCfg = Debug|Any CPU
		{EF2F1F6B-DD3A-44F3-B739-54B8B7B3496F}.Debug|Any CPU.Build.0 = Debug|Any CPU
		{EF2F1F6B-DD3A-44F3-B739-54B8B7B3496F}.Release|Any CPU.ActiveCfg = Release|Any CPU
		{EF2F1F6B-DD3A-44F3-B739-54B8B7B3496F}.Release|Any CPU.Build.0 = Release|Any CPU
		{96C33536-5FDC-47FD-B836-BA75E9FB9978}.Debug|Any CPU.ActiveCfg = Debug|Any CPU
		{96C33536-5FDC-47FD-B836-BA75E9FB9978}.Debug|Any CPU.Build.0 = Debug|Any CPU
		{96C33536-5FDC-47FD-B836-BA75E9FB9978}.Release|Any CPU.ActiveCfg = Release|Any CPU
		{96C33536-5FDC-47FD-B836-BA75E9FB9978}.Release|Any CPU.Build.0 = Release|Any CPU
		{B97F845E-C4C2-4CE6-AE73-717B1ACCD4B4}.Debug|Any CPU.ActiveCfg = Debug|Any CPU
		{B97F845E-C4C2-4CE6-AE73-717B1ACCD4B4}.Debug|Any CPU.Build.0 = Debug|Any CPU
		{B97F845E-C4C2-4CE6-AE73-717B1ACCD4B4}.Release|Any CPU.ActiveCfg = Release|Any CPU
		{B97F845E-C4C2-4CE6-AE73-717B1ACCD4B4}.Release|Any CPU.Build.0 = Release|Any CPU
		{E5E596F0-A80B-4250-983E-D541C8A26D8B}.Debug|Any CPU.ActiveCfg = Debug|Any CPU
		{E5E596F0-A80B-4250-983E-D541C8A26D8B}.Debug|Any CPU.Build.0 = Debug|Any CPU
		{E5E596F0-A80B-4250-983E-D541C8A26D8B}.Release|Any CPU.ActiveCfg = Release|Any CPU
		{E5E596F0-A80B-4250-983E-D541C8A26D8B}.Release|Any CPU.Build.0 = Release|Any CPU
		{EDFA83EB-3A39-4D5C-A93B-54E65BA4FB1A}.Debug|Any CPU.ActiveCfg = Debug|Any CPU
		{EDFA83EB-3A39-4D5C-A93B-54E65BA4FB1A}.Debug|Any CPU.Build.0 = Debug|Any CPU
		{EDFA83EB-3A39-4D5C-A93B-54E65BA4FB1A}.Release|Any CPU.ActiveCfg = Release|Any CPU
		{EDFA83EB-3A39-4D5C-A93B-54E65BA4FB1A}.Release|Any CPU.Build.0 = Release|Any CPU
		{F0142084-B349-4A07-854F-B53B075C4E69}.Debug|Any CPU.ActiveCfg = Debug|Any CPU
		{F0142084-B349-4A07-854F-B53B075C4E69}.Debug|Any CPU.Build.0 = Debug|Any CPU
		{F0142084-B349-4A07-854F-B53B075C4E69}.Release|Any CPU.ActiveCfg = Release|Any CPU
		{F0142084-B349-4A07-854F-B53B075C4E69}.Release|Any CPU.Build.0 = Release|Any CPU
		{5DD0BF07-9B30-4623-B5D3-3139434B1834}.Debug|Any CPU.ActiveCfg = Debug|Any CPU
		{5DD0BF07-9B30-4623-B5D3-3139434B1834}.Debug|Any CPU.Build.0 = Debug|Any CPU
		{5DD0BF07-9B30-4623-B5D3-3139434B1834}.Release|Any CPU.ActiveCfg = Release|Any CPU
		{5DD0BF07-9B30-4623-B5D3-3139434B1834}.Release|Any CPU.Build.0 = Release|Any CPU
		{2145CC15-EA2B-4EF2-8FF4-BCAE79E1C943}.Debug|Any CPU.ActiveCfg = Debug|Any CPU
		{2145CC15-EA2B-4EF2-8FF4-BCAE79E1C943}.Debug|Any CPU.Build.0 = Debug|Any CPU
		{2145CC15-EA2B-4EF2-8FF4-BCAE79E1C943}.Release|Any CPU.ActiveCfg = Release|Any CPU
		{2145CC15-EA2B-4EF2-8FF4-BCAE79E1C943}.Release|Any CPU.Build.0 = Release|Any CPU
	EndGlobalSection
	GlobalSection(SolutionProperties) = preSolution
		HideSolutionNode = FALSE
	EndGlobalSection
	GlobalSection(NestedProjects) = preSolution
		{EF2F1F6B-DD3A-44F3-B739-54B8B7B3496F} = {2ADC6728-D543-4F46-B018-4154119C46B1}
		{96C33536-5FDC-47FD-B836-BA75E9FB9978} = {2ADC6728-D543-4F46-B018-4154119C46B1}
		{B97F845E-C4C2-4CE6-AE73-717B1ACCD4B4} = {69D32990-D715-4304-AE72-BAEA7F2957A5}
		{E5E596F0-A80B-4250-983E-D541C8A26D8B} = {69D32990-D715-4304-AE72-BAEA7F2957A5}
		{EDFA83EB-3A39-4D5C-A93B-54E65BA4FB1A} = {69D32990-D715-4304-AE72-BAEA7F2957A5}
		{F0142084-B349-4A07-854F-B53B075C4E69} = {2ADC6728-D543-4F46-B018-4154119C46B1}
		{5DD0BF07-9B30-4623-B5D3-3139434B1834} = {D8F77A39-C815-4142-8B54-BFD879006B16}
		{2145CC15-EA2B-4EF2-8FF4-BCAE79E1C943} = {D8F77A39-C815-4142-8B54-BFD879006B16}
	EndGlobalSection
	GlobalSection(ExtensibilityGlobals) = postSolution
		SolutionGuid = {245666E5-E58F-406C-A896-58101A8FEC5F}
	EndGlobalSection
EndGlobal
