
Microsoft Visual Studio Solution File, Format Version 12.00
# Visual Studio 15
VisualStudioVersion = 15.0.27130.2036
MinimumVisualStudioVersion = 10.0.40219.1
Project("{2150E333-8FDC-42A3-9474-1A3956D46DE8}") = "Cms", "Cms", "{69D32990-D715-4304-AE72-BAEA7F2957A5}"
EndProject
Project("{2150E333-8FDC-42A3-9474-1A3956D46DE8}") = "Core", "Core", "{D8F77A39-C815-4142-8B54-BFD879006B16}"
EndProject
Project("{9A19103F-16F7-4668-BE54-9A1E7A4F7556}") = "Cms.WebPage", "Cms.WebPage\Cms.WebPage.csproj", "{EDFA83EB-3A39-4D5C-A93B-54E65BA4FB1A}"
EndProject
Project("{9A19103F-16F7-4668-BE54-9A1E7A4F7556}") = "Core.DAL", "Core.DAL\Core.DAL.csproj", "{5DD0BF07-9B30-4623-B5D3-3139434B1834}"
EndProject
Project("{9A19103F-16F7-4668-BE54-9A1E7A4F7556}") = "Core.Utility", "Core.Cache\Core.Utility.csproj", "{2145CC15-EA2B-4EF2-8FF4-BCAE79E1C943}"
EndProject
Project("{9A19103F-16F7-4668-BE54-9A1E7A4F7556}") = "Cms.BLL", "Cms.BLL\Cms.BLL.csproj", "{DD16783B-F7C1-49F6-8D34-457D8A91F5F0}"
EndProject
Project("{9A19103F-16F7-4668-BE54-9A1E7A4F7556}") = "Cms.Contract", "Cms.Contract\Cms.Contract.csproj", "{74D44690-7F10-4162-AC88-53A84EDD72B7}"
EndProject
Global
	GlobalSection(SolutionConfigurationPlatforms) = preSolution
		Debug|Any CPU = Debug|Any CPU
		Release|Any CPU = Release|Any CPU
	EndGlobalSection
	GlobalSection(ProjectConfigurationPlatforms) = postSolution
		{EDFA83EB-3A39-4D5C-A93B-54E65BA4FB1A}.Debug|Any CPU.ActiveCfg = Debug|Any CPU
		{EDFA83EB-3A39-4D5C-A93B-54E65BA4FB1A}.Debug|Any CPU.Build.0 = Debug|Any CPU
		{EDFA83EB-3A39-4D5C-A93B-54E65BA4FB1A}.Release|Any CPU.ActiveCfg = Release|Any CPU
		{EDFA83EB-3A39-4D5C-A93B-54E65BA4FB1A}.Release|Any CPU.Build.0 = Release|Any CPU
		{5DD0BF07-9B30-4623-B5D3-3139434B1834}.Debug|Any CPU.ActiveCfg = Debug|Any CPU
		{5DD0BF07-9B30-4623-B5D3-3139434B1834}.Debug|Any CPU.Build.0 = Debug|Any CPU
		{5DD0BF07-9B30-4623-B5D3-3139434B1834}.Release|Any CPU.ActiveCfg = Release|Any CPU
		{5DD0BF07-9B30-4623-B5D3-3139434B1834}.Release|Any CPU.Build.0 = Release|Any CPU
		{2145CC15-EA2B-4EF2-8FF4-BCAE79E1C943}.Debug|Any CPU.ActiveCfg = Debug|Any CPU
		{2145CC15-EA2B-4EF2-8FF4-BCAE79E1C943}.Debug|Any CPU.Build.0 = Debug|Any CPU
		{2145CC15-EA2B-4EF2-8FF4-BCAE79E1C943}.Release|Any CPU.ActiveCfg = Release|Any CPU
		{2145CC15-EA2B-4EF2-8FF4-BCAE79E1C943}.Release|Any CPU.Build.0 = Release|Any CPU
		{DD16783B-F7C1-49F6-8D34-457D8A91F5F0}.Debug|Any CPU.ActiveCfg = Debug|Any CPU
		{DD16783B-F7C1-49F6-8D34-457D8A91F5F0}.Debug|Any CPU.Build.0 = Debug|Any CPU
		{DD16783B-F7C1-49F6-8D34-457D8A91F5F0}.Release|Any CPU.ActiveCfg = Release|Any CPU
		{DD16783B-F7C1-49F6-8D34-457D8A91F5F0}.Release|Any CPU.Build.0 = Release|Any CPU
		{74D44690-7F10-4162-AC88-53A84EDD72B7}.Debug|Any CPU.ActiveCfg = Debug|Any CPU
		{74D44690-7F10-4162-AC88-53A84EDD72B7}.Debug|Any CPU.Build.0 = Debug|Any CPU
		{74D44690-7F10-4162-AC88-53A84EDD72B7}.Release|Any CPU.ActiveCfg = Release|Any CPU
		{74D44690-7F10-4162-AC88-53A84EDD72B7}.Release|Any CPU.Build.0 = Release|Any CPU
	EndGlobalSection
	GlobalSection(SolutionProperties) = preSolution
		HideSolutionNode = FALSE
	EndGlobalSection
	GlobalSection(NestedProjects) = preSolution
		{EDFA83EB-3A39-4D5C-A93B-54E65BA4FB1A} = {69D32990-D715-4304-AE72-BAEA7F2957A5}
		{5DD0BF07-9B30-4623-B5D3-3139434B1834} = {D8F77A39-C815-4142-8B54-BFD879006B16}
		{2145CC15-EA2B-4EF2-8FF4-BCAE79E1C943} = {D8F77A39-C815-4142-8B54-BFD879006B16}
		{DD16783B-F7C1-49F6-8D34-457D8A91F5F0} = {69D32990-D715-4304-AE72-BAEA7F2957A5}
		{74D44690-7F10-4162-AC88-53A84EDD72B7} = {69D32990-D715-4304-AE72-BAEA7F2957A5}
	EndGlobalSection
	GlobalSection(ExtensibilityGlobals) = postSolution
		SolutionGuid = {245666E5-E58F-406C-A896-58101A8FEC5F}
	EndGlobalSection
EndGlobal
